
Microsoft Visual Studio Solution File, Format Version 12.00
# Visual Studio 2013
VisualStudioVersion = 12.0.30501.0
MinimumVisualStudioVersion = 10.0.40219.1
Project("{FAE04EC0-301F-11D3-BF4B-00C04F79EFBC}") = "PC_Exams_Study", "PC_Exams_Study\PC_Exams_Study.csproj", "{1C319A21-E9B2-4112-8AD7-847DA976FFAE}"
EndProject
Project("{FAE04EC0-301F-11D3-BF4B-00C04F79EFBC}") = "Exam_1314i_2E", "Exam_1314i_2E\Exam_1314i_2E.csproj", "{C5AAACF9-9153-45F2-96EA-F14B4E6EE1E6}"
EndProject
Project("{FAE04EC0-301F-11D3-BF4B-00C04F79EFBC}") = "Exam_1213i_2E", "Exam_1213i_2E\Exam_1213i_2E.csproj", "{4B2C342E-B073-4BA1-8EDE-629338B74486}"
EndProject
Global
	GlobalSection(SolutionConfigurationPlatforms) = preSolution
		Debug|Any CPU = Debug|Any CPU
		Release|Any CPU = Release|Any CPU
	EndGlobalSection
	GlobalSection(ProjectConfigurationPlatforms) = postSolution
		{1C319A21-E9B2-4112-8AD7-847DA976FFAE}.Debug|Any CPU.ActiveCfg = Debug|Any CPU
		{1C319A21-E9B2-4112-8AD7-847DA976FFAE}.Debug|Any CPU.Build.0 = Debug|Any CPU
		{1C319A21-E9B2-4112-8AD7-847DA976FFAE}.Release|Any CPU.ActiveCfg = Release|Any CPU
		{1C319A21-E9B2-4112-8AD7-847DA976FFAE}.Release|Any CPU.Build.0 = Release|Any CPU
		{C5AAACF9-9153-45F2-96EA-F14B4E6EE1E6}.Debug|Any CPU.ActiveCfg = Debug|Any CPU
		{C5AAACF9-9153-45F2-96EA-F14B4E6EE1E6}.Debug|Any CPU.Build.0 = Debug|Any CPU
		{C5AAACF9-9153-45F2-96EA-F14B4E6EE1E6}.Release|Any CPU.ActiveCfg = Release|Any CPU
		{C5AAACF9-9153-45F2-96EA-F14B4E6EE1E6}.Release|Any CPU.Build.0 = Release|Any CPU
		{4B2C342E-B073-4BA1-8EDE-629338B74486}.Debug|Any CPU.ActiveCfg = Debug|Any CPU
		{4B2C342E-B073-4BA1-8EDE-629338B74486}.Debug|Any CPU.Build.0 = Debug|Any CPU
		{4B2C342E-B073-4BA1-8EDE-629338B74486}.Release|Any CPU.ActiveCfg = Release|Any CPU
		{4B2C342E-B073-4BA1-8EDE-629338B74486}.Release|Any CPU.Build.0 = Release|Any CPU
	EndGlobalSection
	GlobalSection(SolutionProperties) = preSolution
		HideSolutionNode = FALSE
	EndGlobalSection
EndGlobal
